// !$*UTF8*$!
{
	archiveVersion = 1;
	classes = {
	};
	objectVersion = 50;
	objects = {

/* Begin PBXBuildFile section */
		D9ACF70C23354F9300E474A6 /* AppDelegate.swift in Sources */ = {isa = PBXBuildFile; fileRef = D9ACF70B23354F9300E474A6 /* AppDelegate.swift */; };
		D9ACF70E23354F9300E474A6 /* ViewController.swift in Sources */ = {isa = PBXBuildFile; fileRef = D9ACF70D23354F9300E474A6 /* ViewController.swift */; };
		D9ACF71123354F9300E474A6 /* Main.storyboard in Resources */ = {isa = PBXBuildFile; fileRef = D9ACF70F23354F9300E474A6 /* Main.storyboard */; };
		D9ACF71323354F9400E474A6 /* Assets.xcassets in Resources */ = {isa = PBXBuildFile; fileRef = D9ACF71223354F9400E474A6 /* Assets.xcassets */; };
		D9ACF71623354F9400E474A6 /* LaunchScreen.storyboard in Resources */ = {isa = PBXBuildFile; fileRef = D9ACF71423354F9400E474A6 /* LaunchScreen.storyboard */; };
		D9ACF72123354F9500E474A6 /* testeChatTests.swift in Sources */ = {isa = PBXBuildFile; fileRef = D9ACF72023354F9400E474A6 /* testeChatTests.swift */; };
		D9ACF72C23354F9500E474A6 /* testeChatUITests.swift in Sources */ = {isa = PBXBuildFile; fileRef = D9ACF72B23354F9500E474A6 /* testeChatUITests.swift */; };
		D9ACF73D2335512200E474A6 /* Cell1TableViewCell.swift in Sources */ = {isa = PBXBuildFile; fileRef = D9ACF73B2335512200E474A6 /* Cell1TableViewCell.swift */; };
		D9ACF73E2335512200E474A6 /* Cell1TableViewCell.xib in Resources */ = {isa = PBXBuildFile; fileRef = D9ACF73C2335512200E474A6 /* Cell1TableViewCell.xib */; };
		D9ACF7422335513B00E474A6 /* Cell2TableViewCell.swift in Sources */ = {isa = PBXBuildFile; fileRef = D9ACF7402335513B00E474A6 /* Cell2TableViewCell.swift */; };
		D9ACF7432335513B00E474A6 /* Cell2TableViewCell.xib in Resources */ = {isa = PBXBuildFile; fileRef = D9ACF7412335513B00E474A6 /* Cell2TableViewCell.xib */; };
/* End PBXBuildFile section */

/* Begin PBXContainerItemProxy section */
		D9ACF71D23354F9400E474A6 /* PBXContainerItemProxy */ = {
			isa = PBXContainerItemProxy;
			containerPortal = D9ACF70023354F9300E474A6 /* Project object */;
			proxyType = 1;
			remoteGlobalIDString = D9ACF70723354F9300E474A6;
			remoteInfo = testeChat;
		};
		D9ACF72823354F9500E474A6 /* PBXContainerItemProxy */ = {
			isa = PBXContainerItemProxy;
			containerPortal = D9ACF70023354F9300E474A6 /* Project object */;
			proxyType = 1;
			remoteGlobalIDString = D9ACF70723354F9300E474A6;
			remoteInfo = testeChat;
		};
/* End PBXContainerItemProxy section */

/* Begin PBXFileReference section */
		D9ACF70823354F9300E474A6 /* testeChat.app */ = {isa = PBXFileReference; explicitFileType = wrapper.application; includeInIndex = 0; path = testeChat.app; sourceTree = BUILT_PRODUCTS_DIR; };
		D9ACF70B23354F9300E474A6 /* AppDelegate.swift */ = {isa = PBXFileReference; lastKnownFileType = sourcecode.swift; path = AppDelegate.swift; sourceTree = "<group>"; };
		D9ACF70D23354F9300E474A6 /* ViewController.swift */ = {isa = PBXFileReference; lastKnownFileType = sourcecode.swift; path = ViewController.swift; sourceTree = "<group>"; };
		D9ACF71023354F9300E474A6 /* Base */ = {isa = PBXFileReference; lastKnownFileType = file.storyboard; name = Base; path = Base.lproj/Main.storyboard; sourceTree = "<group>"; };
		D9ACF71223354F9400E474A6 /* Assets.xcassets */ = {isa = PBXFileReference; lastKnownFileType = folder.assetcatalog; path = Assets.xcassets; sourceTree = "<group>"; };
		D9ACF71523354F9400E474A6 /* Base */ = {isa = PBXFileReference; lastKnownFileType = file.storyboard; name = Base; path = Base.lproj/LaunchScreen.storyboard; sourceTree = "<group>"; };
		D9ACF71723354F9400E474A6 /* Info.plist */ = {isa = PBXFileReference; lastKnownFileType = text.plist.xml; path = Info.plist; sourceTree = "<group>"; };
		D9ACF71C23354F9400E474A6 /* testeChatTests.xctest */ = {isa = PBXFileReference; explicitFileType = wrapper.cfbundle; includeInIndex = 0; path = testeChatTests.xctest; sourceTree = BUILT_PRODUCTS_DIR; };
		D9ACF72023354F9400E474A6 /* testeChatTests.swift */ = {isa = PBXFileReference; lastKnownFileType = sourcecode.swift; path = testeChatTests.swift; sourceTree = "<group>"; };
		D9ACF72223354F9500E474A6 /* Info.plist */ = {isa = PBXFileReference; lastKnownFileType = text.plist.xml; path = Info.plist; sourceTree = "<group>"; };
		D9ACF72723354F9500E474A6 /* testeChatUITests.xctest */ = {isa = PBXFileReference; explicitFileType = wrapper.cfbundle; includeInIndex = 0; path = testeChatUITests.xctest; sourceTree = BUILT_PRODUCTS_DIR; };
		D9ACF72B23354F9500E474A6 /* testeChatUITests.swift */ = {isa = PBXFileReference; lastKnownFileType = sourcecode.swift; path = testeChatUITests.swift; sourceTree = "<group>"; };
		D9ACF72D23354F9500E474A6 /* Info.plist */ = {isa = PBXFileReference; lastKnownFileType = text.plist.xml; path = Info.plist; sourceTree = "<group>"; };
		D9ACF73B2335512200E474A6 /* Cell1TableViewCell.swift */ = {isa = PBXFileReference; lastKnownFileType = sourcecode.swift; path = Cell1TableViewCell.swift; sourceTree = "<group>"; };
		D9ACF73C2335512200E474A6 /* Cell1TableViewCell.xib */ = {isa = PBXFileReference; lastKnownFileType = file.xib; path = Cell1TableViewCell.xib; sourceTree = "<group>"; };
		D9ACF7402335513B00E474A6 /* Cell2TableViewCell.swift */ = {isa = PBXFileReference; lastKnownFileType = sourcecode.swift; path = Cell2TableViewCell.swift; sourceTree = "<group>"; };
		D9ACF7412335513B00E474A6 /* Cell2TableViewCell.xib */ = {isa = PBXFileReference; lastKnownFileType = file.xib; path = Cell2TableViewCell.xib; sourceTree = "<group>"; };
/* End PBXFileReference section */

/* Begin PBXFrameworksBuildPhase section */
		D9ACF70523354F9300E474A6 /* Frameworks */ = {
			isa = PBXFrameworksBuildPhase;
			buildActionMask = 2147483647;
			files = (
			);
			runOnlyForDeploymentPostprocessing = 0;
		};
		D9ACF71923354F9400E474A6 /* Frameworks */ = {
			isa = PBXFrameworksBuildPhase;
			buildActionMask = 2147483647;
			files = (
			);
			runOnlyForDeploymentPostprocessing = 0;
		};
		D9ACF72423354F9500E474A6 /* Frameworks */ = {
			isa = PBXFrameworksBuildPhase;
			buildActionMask = 2147483647;
			files = (
			);
			runOnlyForDeploymentPostprocessing = 0;
		};
/* End PBXFrameworksBuildPhase section */

/* Begin PBXGroup section */
		D9ACF6FF23354F9300E474A6 = {
			isa = PBXGroup;
			children = (
				D9ACF70A23354F9300E474A6 /* testeChat */,
				D9ACF71F23354F9400E474A6 /* testeChatTests */,
				D9ACF72A23354F9500E474A6 /* testeChatUITests */,
				D9ACF70923354F9300E474A6 /* Products */,
			);
			sourceTree = "<group>";
		};
		D9ACF70923354F9300E474A6 /* Products */ = {
			isa = PBXGroup;
			children = (
				D9ACF70823354F9300E474A6 /* testeChat.app */,
				D9ACF71C23354F9400E474A6 /* testeChatTests.xctest */,
				D9ACF72723354F9500E474A6 /* testeChatUITests.xctest */,
			);
			name = Products;
			sourceTree = "<group>";
		};
		D9ACF70A23354F9300E474A6 /* testeChat */ = {
			isa = PBXGroup;
			children = (
				D9ACF70B23354F9300E474A6 /* AppDelegate.swift */,
				D9ACF73F2335512600E474A6 /* cells */,
				D9ACF70D23354F9300E474A6 /* ViewController.swift */,
				D9ACF70F23354F9300E474A6 /* Main.storyboard */,
				D9ACF71223354F9400E474A6 /* Assets.xcassets */,
				D9ACF71423354F9400E474A6 /* LaunchScreen.storyboard */,
				D9ACF71723354F9400E474A6 /* Info.plist */,
			);
			path = testeChat;
			sourceTree = "<group>";
		};
		D9ACF71F23354F9400E474A6 /* testeChatTests */ = {
			isa = PBXGroup;
			children = (
				D9ACF72023354F9400E474A6 /* testeChatTests.swift */,
				D9ACF72223354F9500E474A6 /* Info.plist */,
			);
			path = testeChatTests;
			sourceTree = "<group>";
		};
		D9ACF72A23354F9500E474A6 /* testeChatUITests */ = {
			isa = PBXGroup;
			children = (
				D9ACF72B23354F9500E474A6 /* testeChatUITests.swift */,
				D9ACF72D23354F9500E474A6 /* Info.plist */,
			);
			path = testeChatUITests;
			sourceTree = "<group>";
		};
		D9ACF73F2335512600E474A6 /* cells */ = {
			isa = PBXGroup;
			children = (
				D9ACF7442335514300E474A6 /* cell1 */,
				D9ACF7452335514C00E474A6 /* cell2 */,
			);
			path = cells;
			sourceTree = "<group>";
		};
		D9ACF7442335514300E474A6 /* cell1 */ = {
			isa = PBXGroup;
			children = (
				D9ACF73B2335512200E474A6 /* Cell1TableViewCell.swift */,
				D9ACF73C2335512200E474A6 /* Cell1TableViewCell.xib */,
			);
			path = cell1;
			sourceTree = "<group>";
		};
		D9ACF7452335514C00E474A6 /* cell2 */ = {
			isa = PBXGroup;
			children = (
				D9ACF7402335513B00E474A6 /* Cell2TableViewCell.swift */,
				D9ACF7412335513B00E474A6 /* Cell2TableViewCell.xib */,
			);
			path = cell2;
			sourceTree = "<group>";
		};
/* End PBXGroup section */

/* Begin PBXNativeTarget section */
		D9ACF70723354F9300E474A6 /* testeChat */ = {
			isa = PBXNativeTarget;
			buildConfigurationList = D9ACF73023354F9500E474A6 /* Build configuration list for PBXNativeTarget "testeChat" */;
			buildPhases = (
				D9ACF70423354F9300E474A6 /* Sources */,
				D9ACF70523354F9300E474A6 /* Frameworks */,
				D9ACF70623354F9300E474A6 /* Resources */,
			);
			buildRules = (
			);
			dependencies = (
			);
			name = testeChat;
			productName = testeChat;
			productReference = D9ACF70823354F9300E474A6 /* testeChat.app */;
			productType = "com.apple.product-type.application";
		};
		D9ACF71B23354F9400E474A6 /* testeChatTests */ = {
			isa = PBXNativeTarget;
			buildConfigurationList = D9ACF73323354F9500E474A6 /* Build configuration list for PBXNativeTarget "testeChatTests" */;
			buildPhases = (
				D9ACF71823354F9400E474A6 /* Sources */,
				D9ACF71923354F9400E474A6 /* Frameworks */,
				D9ACF71A23354F9400E474A6 /* Resources */,
			);
			buildRules = (
			);
			dependencies = (
				D9ACF71E23354F9400E474A6 /* PBXTargetDependency */,
			);
			name = testeChatTests;
			productName = testeChatTests;
			productReference = D9ACF71C23354F9400E474A6 /* testeChatTests.xctest */;
			productType = "com.apple.product-type.bundle.unit-test";
		};
		D9ACF72623354F9500E474A6 /* testeChatUITests */ = {
			isa = PBXNativeTarget;
			buildConfigurationList = D9ACF73623354F9500E474A6 /* Build configuration list for PBXNativeTarget "testeChatUITests" */;
			buildPhases = (
				D9ACF72323354F9500E474A6 /* Sources */,
				D9ACF72423354F9500E474A6 /* Frameworks */,
				D9ACF72523354F9500E474A6 /* Resources */,
			);
			buildRules = (
			);
			dependencies = (
				D9ACF72923354F9500E474A6 /* PBXTargetDependency */,
			);
			name = testeChatUITests;
			productName = testeChatUITests;
			productReference = D9ACF72723354F9500E474A6 /* testeChatUITests.xctest */;
			productType = "com.apple.product-type.bundle.ui-testing";
		};
/* End PBXNativeTarget section */

/* Begin PBXProject section */
		D9ACF70023354F9300E474A6 /* Project object */ = {
			isa = PBXProject;
			attributes = {
				LastSwiftUpdateCheck = 1030;
				LastUpgradeCheck = 1030;
				ORGANIZATIONNAME = "humberto Lima";
				TargetAttributes = {
					D9ACF70723354F9300E474A6 = {
						CreatedOnToolsVersion = 10.3;
					};
					D9ACF71B23354F9400E474A6 = {
						CreatedOnToolsVersion = 10.3;
						TestTargetID = D9ACF70723354F9300E474A6;
					};
					D9ACF72623354F9500E474A6 = {
						CreatedOnToolsVersion = 10.3;
						TestTargetID = D9ACF70723354F9300E474A6;
					};
				};
			};
			buildConfigurationList = D9ACF70323354F9300E474A6 /* Build configuration list for PBXProject "testeChat" */;
			compatibilityVersion = "Xcode 9.3";
			developmentRegion = en;
			hasScannedForEncodings = 0;
			knownRegions = (
				en,
				Base,
			);
			mainGroup = D9ACF6FF23354F9300E474A6;
			productRefGroup = D9ACF70923354F9300E474A6 /* Products */;
			projectDirPath = "";
			projectRoot = "";
			targets = (
				D9ACF70723354F9300E474A6 /* testeChat */,
				D9ACF71B23354F9400E474A6 /* testeChatTests */,
				D9ACF72623354F9500E474A6 /* testeChatUITests */,
			);
		};
/* End PBXProject section */

/* Begin PBXResourcesBuildPhase section */
		D9ACF70623354F9300E474A6 /* Resources */ = {
			isa = PBXResourcesBuildPhase;
			buildActionMask = 2147483647;
			files = (
				D9ACF71623354F9400E474A6 /* LaunchScreen.storyboard in Resources */,
				D9ACF71323354F9400E474A6 /* Assets.xcassets in Resources */,
				D9ACF71123354F9300E474A6 /* Main.storyboard in Resources */,
				D9ACF7432335513B00E474A6 /* Cell2TableViewCell.xib in Resources */,
				D9ACF73E2335512200E474A6 /* Cell1TableViewCell.xib in Resources */,
			);
			runOnlyForDeploymentPostprocessing = 0;
		};
		D9ACF71A23354F9400E474A6 /* Resources */ = {
			isa = PBXResourcesBuildPhase;
			buildActionMask = 2147483647;
			files = (
			);
			runOnlyForDeploymentPostprocessing = 0;
		};
		D9ACF72523354F9500E474A6 /* Resources */ = {
			isa = PBXResourcesBuildPhase;
			buildActionMask = 2147483647;
			files = (
			);
			runOnlyForDeploymentPostprocessing = 0;
		};
/* End PBXResourcesBuildPhase section */

/* Begin PBXSourcesBuildPhase section */
		D9ACF70423354F9300E474A6 /* Sources */ = {
			isa = PBXSourcesBuildPhase;
			buildActionMask = 2147483647;
			files = (
				D9ACF7422335513B00E474A6 /* Cell2TableViewCell.swift in Sources */,
				D9ACF70E23354F9300E474A6 /* ViewController.swift in Sources */,
				D9ACF70C23354F9300E474A6 /* AppDelegate.swift in Sources */,
				D9ACF73D2335512200E474A6 /* Cell1TableViewCell.swift in Sources */,
			);
			runOnlyForDeploymentPostprocessing = 0;
		};
		D9ACF71823354F9400E474A6 /* Sources */ = {
			isa = PBXSourcesBuildPhase;
			buildActionMask = 2147483647;
			files = (
				D9ACF72123354F9500E474A6 /* testeChatTests.swift in Sources */,
			);
			runOnlyForDeploymentPostprocessing = 0;
		};
		D9ACF72323354F9500E474A6 /* Sources */ = {
			isa = PBXSourcesBuildPhase;
			buildActionMask = 2147483647;
			files = (
				D9ACF72C23354F9500E474A6 /* testeChatUITests.swift in Sources */,
			);
			runOnlyForDeploymentPostprocessing = 0;
		};
/* End PBXSourcesBuildPhase section */

/* Begin PBXTargetDependency section */
		D9ACF71E23354F9400E474A6 /* PBXTargetDependency */ = {
			isa = PBXTargetDependency;
			target = D9ACF70723354F9300E474A6 /* testeChat */;
			targetProxy = D9ACF71D23354F9400E474A6 /* PBXContainerItemProxy */;
		};
		D9ACF72923354F9500E474A6 /* PBXTargetDependency */ = {
			isa = PBXTargetDependency;
			target = D9ACF70723354F9300E474A6 /* testeChat */;
			targetProxy = D9ACF72823354F9500E474A6 /* PBXContainerItemProxy */;
		};
/* End PBXTargetDependency section */

/* Begin PBXVariantGroup section */
		D9ACF70F23354F9300E474A6 /* Main.storyboard */ = {
			isa = PBXVariantGroup;
			children = (
				D9ACF71023354F9300E474A6 /* Base */,
			);
			name = Main.storyboard;
			sourceTree = "<group>";
		};
		D9ACF71423354F9400E474A6 /* LaunchScreen.storyboard */ = {
			isa = PBXVariantGroup;
			children = (
				D9ACF71523354F9400E474A6 /* Base */,
			);
			name = LaunchScreen.storyboard;
			sourceTree = "<group>";
		};
/* End PBXVariantGroup section */

/* Begin XCBuildConfiguration section */
		D9ACF72E23354F9500E474A6 /* Debug */ = {
			isa = XCBuildConfiguration;
			buildSettings = {
				ALWAYS_SEARCH_USER_PATHS = NO;
				CLANG_ANALYZER_NONNULL = YES;
				CLANG_ANALYZER_NUMBER_OBJECT_CONVERSION = YES_AGGRESSIVE;
				CLANG_CXX_LANGUAGE_STANDARD = "gnu++14";
				CLANG_CXX_LIBRARY = "libc++";
				CLANG_ENABLE_MODULES = YES;
				CLANG_ENABLE_OBJC_ARC = YES;
				CLANG_ENABLE_OBJC_WEAK = YES;
				CLANG_WARN_BLOCK_CAPTURE_AUTORELEASING = YES;
				CLANG_WARN_BOOL_CONVERSION = YES;
				CLANG_WARN_COMMA = YES;
				CLANG_WARN_CONSTANT_CONVERSION = YES;
				CLANG_WARN_DEPRECATED_OBJC_IMPLEMENTATIONS = YES;
				CLANG_WARN_DIRECT_OBJC_ISA_USAGE = YES_ERROR;
				CLANG_WARN_DOCUMENTATION_COMMENTS = YES;
				CLANG_WARN_EMPTY_BODY = YES;
				CLANG_WARN_ENUM_CONVERSION = YES;
				CLANG_WARN_INFINITE_RECURSION = YES;
				CLANG_WARN_INT_CONVERSION = YES;
				CLANG_WARN_NON_LITERAL_NULL_CONVERSION = YES;
				CLANG_WARN_OBJC_IMPLICIT_RETAIN_SELF = YES;
				CLANG_WARN_OBJC_LITERAL_CONVERSION = YES;
				CLANG_WARN_OBJC_ROOT_CLASS = YES_ERROR;
				CLANG_WARN_RANGE_LOOP_ANALYSIS = YES;
				CLANG_WARN_STRICT_PROTOTYPES = YES;
				CLANG_WARN_SUSPICIOUS_MOVE = YES;
				CLANG_WARN_UNGUARDED_AVAILABILITY = YES_AGGRESSIVE;
				CLANG_WARN_UNREACHABLE_CODE = YES;
				CLANG_WARN__DUPLICATE_METHOD_MATCH = YES;
				CODE_SIGN_IDENTITY = "iPhone Developer";
				COPY_PHASE_STRIP = NO;
				DEBUG_INFORMATION_FORMAT = dwarf;
				ENABLE_STRICT_OBJC_MSGSEND = YES;
				ENABLE_TESTABILITY = YES;
				GCC_C_LANGUAGE_STANDARD = gnu11;
				GCC_DYNAMIC_NO_PIC = NO;
				GCC_NO_COMMON_BLOCKS = YES;
				GCC_OPTIMIZATION_LEVEL = 0;
				GCC_PREPROCESSOR_DEFINITIONS = (
					"DEBUG=1",
					"$(inherited)",
				);
				GCC_WARN_64_TO_32_BIT_CONVERSION = YES;
				GCC_WARN_ABOUT_RETURN_TYPE = YES_ERROR;
				GCC_WARN_UNDECLARED_SELECTOR = YES;
				GCC_WARN_UNINITIALIZED_AUTOS = YES_AGGRESSIVE;
				GCC_WARN_UNUSED_FUNCTION = YES;
				GCC_WARN_UNUSED_VARIABLE = YES;
				IPHONEOS_DEPLOYMENT_TARGET = 12.4;
				MTL_ENABLE_DEBUG_INFO = INCLUDE_SOURCE;
				MTL_FAST_MATH = YES;
				ONLY_ACTIVE_ARCH = YES;
				SDKROOT = iphoneos;
				SWIFT_ACTIVE_COMPILATION_CONDITIONS = DEBUG;
				SWIFT_OPTIMIZATION_LEVEL = "-Onone";
			};
			name = Debug;
		};
		D9ACF72F23354F9500E474A6 /* Release */ = {
			isa = XCBuildConfiguration;
			buildSettings = {
				ALWAYS_SEARCH_USER_PATHS = NO;
				CLANG_ANALYZER_NONNULL = YES;
				CLANG_ANALYZER_NUMBER_OBJECT_CONVERSION = YES_AGGRESSIVE;
				CLANG_CXX_LANGUAGE_STANDARD = "gnu++14";
				CLANG_CXX_LIBRARY = "libc++";
				CLANG_ENABLE_MODULES = YES;
				CLANG_ENABLE_OBJC_ARC = YES;
				CLANG_ENABLE_OBJC_WEAK = YES;
				CLANG_WARN_BLOCK_CAPTURE_AUTORELEASING = YES;
				CLANG_WARN_BOOL_CONVERSION = YES;
				CLANG_WARN_COMMA = YES;
				CLANG_WARN_CONSTANT_CONVERSION = YES;
				CLANG_WARN_DEPRECATED_OBJC_IMPLEMENTATIONS = YES;
				CLANG_WARN_DIRECT_OBJC_ISA_USAGE = YES_ERROR;
				CLANG_WARN_DOCUMENTATION_COMMENTS = YES;
				CLANG_WARN_EMPTY_BODY = YES;
				CLANG_WARN_ENUM_CONVERSION = YES;
				CLANG_WARN_INFINITE_RECURSION = YES;
				CLANG_WARN_INT_CONVERSION = YES;
				CLANG_WARN_NON_LITERAL_NULL_CONVERSION = YES;
				CLANG_WARN_OBJC_IMPLICIT_RETAIN_SELF = YES;
				CLANG_WARN_OBJC_LITERAL_CONVERSION = YES;
				CLANG_WARN_OBJC_ROOT_CLASS = YES_ERROR;
				CLANG_WARN_RANGE_LOOP_ANALYSIS = YES;
				CLANG_WARN_STRICT_PROTOTYPES = YES;
				CLANG_WARN_SUSPICIOUS_MOVE = YES;
				CLANG_WARN_UNGUARDED_AVAILABILITY = YES_AGGRESSIVE;
				CLANG_WARN_UNREACHABLE_CODE = YES;
				CLANG_WARN__DUPLICATE_METHOD_MATCH = YES;
				CODE_SIGN_IDENTITY = "iPhone Developer";
				COPY_PHASE_STRIP = NO;
				DEBUG_INFORMATION_FORMAT = "dwarf-with-dsym";
				ENABLE_NS_ASSERTIONS = NO;
				ENABLE_STRICT_OBJC_MSGSEND = YES;
				GCC_C_LANGUAGE_STANDARD = gnu11;
				GCC_NO_COMMON_BLOCKS = YES;
				GCC_WARN_64_TO_32_BIT_CONVERSION = YES;
				GCC_WARN_ABOUT_RETURN_TYPE = YES_ERROR;
				GCC_WARN_UNDECLARED_SELECTOR = YES;
				GCC_WARN_UNINITIALIZED_AUTOS = YES_AGGRESSIVE;
				GCC_WARN_UNUSED_FUNCTION = YES;
				GCC_WARN_UNUSED_VARIABLE = YES;
				IPHONEOS_DEPLOYMENT_TARGET = 12.4;
				MTL_ENABLE_DEBUG_INFO = NO;
				MTL_FAST_MATH = YES;
				SDKROOT = iphoneos;
				SWIFT_COMPILATION_MODE = wholemodule;
				SWIFT_OPTIMIZATION_LEVEL = "-O";
				VALIDATE_PRODUCT = YES;
			};
			name = Release;
		};
		D9ACF73123354F9500E474A6 /* Debug */ = {
			isa = XCBuildConfiguration;
			buildSettings = {
				ASSETCATALOG_COMPILER_APPICON_NAME = AppIcon;
				CODE_SIGN_STYLE = Automatic;
				INFOPLIST_FILE = testeChat/Info.plist;
				LD_RUNPATH_SEARCH_PATHS = (
					"$(inherited)",
					"@executable_path/Frameworks",
				);
				PRODUCT_BUNDLE_IDENTIFIER = com.br.testeChat;
				PRODUCT_NAME = "$(TARGET_NAME)";
				SWIFT_VERSION = 5.0;
				TARGETED_DEVICE_FAMILY = "1,2";
			};
			name = Debug;
		};
		D9ACF73223354F9500E474A6 /* Release */ = {
			isa = XCBuildConfiguration;
			buildSettings = {
				ASSETCATALOG_COMPILER_APPICON_NAME = AppIcon;
				CODE_SIGN_STYLE = Automatic;
				INFOPLIST_FILE = testeChat/Info.plist;
				LD_RUNPATH_SEARCH_PATHS = (
					"$(inherited)",
					"@executable_path/Frameworks",
				);
				PRODUCT_BUNDLE_IDENTIFIER = com.br.testeChat;
				PRODUCT_NAME = "$(TARGET_NAME)";
				SWIFT_VERSION = 5.0;
				TARGETED_DEVICE_FAMILY = "1,2";
			};
			name = Release;
		};
		D9ACF73423354F9500E474A6 /* Debug */ = {
			isa = XCBuildConfiguration;
			buildSettings = {
				ALWAYS_EMBED_SWIFT_STANDARD_LIBRARIES = YES;
				BUNDLE_LOADER = "$(TEST_HOST)";
				CODE_SIGN_STYLE = Automatic;
				INFOPLIST_FILE = testeChatTests/Info.plist;
				LD_RUNPATH_SEARCH_PATHS = (
					"$(inherited)",
					"@executable_path/Frameworks",
					"@loader_path/Frameworks",
				);
				PRODUCT_BUNDLE_IDENTIFIER = com.br.testeChatTests;
				PRODUCT_NAME = "$(TARGET_NAME)";
				SWIFT_VERSION = 5.0;
				TARGETED_DEVICE_FAMILY = "1,2";
				TEST_HOST = "$(BUILT_PRODUCTS_DIR)/testeChat.app/testeChat";
			};
			name = Debug;
		};
		D9ACF73523354F9500E474A6 /* Release */ = {
			isa = XCBuildConfiguration;
			buildSettings = {
				ALWAYS_EMBED_SWIFT_STANDARD_LIBRARIES = YES;
				BUNDLE_LOADER = "$(TEST_HOST)";
				CODE_SIGN_STYLE = Automatic;
				INFOPLIST_FILE = testeChatTests/Info.plist;
				LD_RUNPATH_SEARCH_PATHS = (
					"$(inherited)",
					"@executable_path/Frameworks",
					"@loader_path/Frameworks",
				);
				PRODUCT_BUNDLE_IDENTIFIER = com.br.testeChatTests;
				PRODUCT_NAME = "$(TARGET_NAME)";
				SWIFT_VERSION = 5.0;
				TARGETED_DEVICE_FAMILY = "1,2";
				TEST_HOST = "$(BUILT_PRODUCTS_DIR)/testeChat.app/testeChat";
			};
			name = Release;
		};
		D9ACF73723354F9500E474A6 /* Debug */ = {
			isa = XCBuildConfiguration;
			buildSettings = {
				ALWAYS_EMBED_SWIFT_STANDARD_LIBRARIES = YES;
				CODE_SIGN_STYLE = Automatic;
				INFOPLIST_FILE = testeChatUITests/Info.plist;
				LD_RUNPATH_SEARCH_PATHS = (
					"$(inherited)",
					"@executable_path/Frameworks",
					"@loader_path/Frameworks",
				);
				PRODUCT_BUNDLE_IDENTIFIER = com.br.testeChatUITests;
				PRODUCT_NAME = "$(TARGET_NAME)";
				SWIFT_VERSION = 5.0;
				TARGETED_DEVICE_FAMILY = "1,2";
				TEST_TARGET_NAME = testeChat;
			};
			name = Debug;
		};
		D9ACF73823354F9500E474A6 /* Release */ = {
			isa = XCBuildConfiguration;
			buildSettings = {
				ALWAYS_EMBED_SWIFT_STANDARD_LIBRARIES = YES;
				CODE_SIGN_STYLE = Automatic;
				INFOPLIST_FILE = testeChatUITests/Info.plist;
				LD_RUNPATH_SEARCH_PATHS = (
					"$(inherited)",
					"@executable_path/Frameworks",
					"@loader_path/Frameworks",
				);
				PRODUCT_BUNDLE_IDENTIFIER = com.br.testeChatUITests;
				PRODUCT_NAME = "$(TARGET_NAME)";
				SWIFT_VERSION = 5.0;
				TARGETED_DEVICE_FAMILY = "1,2";
				TEST_TARGET_NAME = testeChat;
			};
			name = Release;
		};
/* End XCBuildConfiguration section */

/* Begin XCConfigurationList section */
		D9ACF70323354F9300E474A6 /* Build configuration list for PBXProject "testeChat" */ = {
			isa = XCConfigurationList;
			buildConfigurations = (
				D9ACF72E23354F9500E474A6 /* Debug */,
				D9ACF72F23354F9500E474A6 /* Release */,
			);
			defaultConfigurationIsVisible = 0;
			defaultConfigurationName = Release;
		};
		D9ACF73023354F9500E474A6 /* Build configuration list for PBXNativeTarget "testeChat" */ = {
			isa = XCConfigurationList;
			buildConfigurations = (
				D9ACF73123354F9500E474A6 /* Debug */,
				D9ACF73223354F9500E474A6 /* Release */,
			);
			defaultConfigurationIsVisible = 0;
			defaultConfigurationName = Release;
		};
		D9ACF73323354F9500E474A6 /* Build configuration list for PBXNativeTarget "testeChatTests" */ = {
			isa = XCConfigurationList;
			buildConfigurations = (
				D9ACF73423354F9500E474A6 /* Debug */,
				D9ACF73523354F9500E474A6 /* Release */,
			);
			defaultConfigurationIsVisible = 0;
			defaultConfigurationName = Release;
		};
		D9ACF73623354F9500E474A6 /* Build configuration list for PBXNativeTarget "testeChatUITests" */ = {
			isa = XCConfigurationList;
			buildConfigurations = (
				D9ACF73723354F9500E474A6 /* Debug */,
				D9ACF73823354F9500E474A6 /* Release */,
			);
			defaultConfigurationIsVisible = 0;
			defaultConfigurationName = Release;
		};
/* End XCConfigurationList section */
	};
	rootObject = D9ACF70023354F9300E474A6 /* Project object */;
}
